
Microsoft Visual Studio Solution File, Format Version 12.00
# Visual Studio Version 17
VisualStudioVersion = 17.7.34202.233
MinimumVisualStudioVersion = 10.0.40219.1
Project("{FAE04EC0-301F-11D3-BF4B-00C04F79EFBC}") = "BlazorContact.Server", "BlazorContact\Server\BlazorContact.Server.csproj", "{E6C24946-088D-4B57-8203-FBDDC181B80E}"
EndProject
Project("{FAE04EC0-301F-11D3-BF4B-00C04F79EFBC}") = "BlazorContact.Client", "BlazorContact\Client\BlazorContact.Client.csproj", "{894188E2-E6C4-4AA3-A926-CE9BEDF78EF4}"
EndProject
Project("{FAE04EC0-301F-11D3-BF4B-00C04F79EFBC}") = "BlazorContact.Shared", "BlazorContact\Shared\BlazorContact.Shared.csproj", "{631272F4-273B-44DD-A29A-4A0035611509}"
EndProject
Global
	GlobalSection(SolutionConfigurationPlatforms) = preSolution
		Debug|Any CPU = Debug|Any CPU
		Release|Any CPU = Release|Any CPU
	EndGlobalSection
	GlobalSection(ProjectConfigurationPlatforms) = postSolution
		{E6C24946-088D-4B57-8203-FBDDC181B80E}.Debug|Any CPU.ActiveCfg = Debug|Any CPU
		{E6C24946-088D-4B57-8203-FBDDC181B80E}.Debug|Any CPU.Build.0 = Debug|Any CPU
		{E6C24946-088D-4B57-8203-FBDDC181B80E}.Release|Any CPU.ActiveCfg = Release|Any CPU
		{E6C24946-088D-4B57-8203-FBDDC181B80E}.Release|Any CPU.Build.0 = Release|Any CPU
		{894188E2-E6C4-4AA3-A926-CE9BEDF78EF4}.Debug|Any CPU.ActiveCfg = Debug|Any CPU
		{894188E2-E6C4-4AA3-A926-CE9BEDF78EF4}.Debug|Any CPU.Build.0 = Debug|Any CPU
		{894188E2-E6C4-4AA3-A926-CE9BEDF78EF4}.Release|Any CPU.ActiveCfg = Release|Any CPU
		{894188E2-E6C4-4AA3-A926-CE9BEDF78EF4}.Release|Any CPU.Build.0 = Release|Any CPU
		{631272F4-273B-44DD-A29A-4A0035611509}.Debug|Any CPU.ActiveCfg = Debug|Any CPU
		{631272F4-273B-44DD-A29A-4A0035611509}.Debug|Any CPU.Build.0 = Debug|Any CPU
		{631272F4-273B-44DD-A29A-4A0035611509}.Release|Any CPU.ActiveCfg = Release|Any CPU
		{631272F4-273B-44DD-A29A-4A0035611509}.Release|Any CPU.Build.0 = Release|Any CPU
	EndGlobalSection
	GlobalSection(SolutionProperties) = preSolution
		HideSolutionNode = FALSE
	EndGlobalSection
	GlobalSection(ExtensibilityGlobals) = postSolution
		SolutionGuid = {9D629156-7883-4ACB-8D57-598C73299371}
	EndGlobalSection
EndGlobal
